// !$*UTF8*$!
{
	archiveVersion = 1;
	classes = {
	};
	objectVersion = 48;
	objects = {

/* Begin PBXBuildFile section */
		1E37FC0C1FC69EE2008A3949 /* AppDelegate.m in Sources */ = {isa = PBXBuildFile; fileRef = 1E37FC0B1FC69EE2008A3949 /* AppDelegate.m */; };
		1E37FC0F1FC69EE2008A3949 /* ViewController.m in Sources */ = {isa = PBXBuildFile; fileRef = 1E37FC0E1FC69EE2008A3949 /* ViewController.m */; };
		1E37FC121FC69EE2008A3949 /* Main.storyboard in Resources */ = {isa = PBXBuildFile; fileRef = 1E37FC101FC69EE2008A3949 /* Main.storyboard */; };
		1E37FC141FC69EE2008A3949 /* Assets.xcassets in Resources */ = {isa = PBXBuildFile; fileRef = 1E37FC131FC69EE2008A3949 /* Assets.xcassets */; };
		1E37FC171FC69EE2008A3949 /* LaunchScreen.storyboard in Resources */ = {isa = PBXBuildFile; fileRef = 1E37FC151FC69EE2008A3949 /* LaunchScreen.storyboard */; };
		1E37FC1A1FC69EE2008A3949 /* main.m in Sources */ = {isa = PBXBuildFile; fileRef = 1E37FC191FC69EE2008A3949 /* main.m */; };
		1E37FC251FC69FDD008A3949 /* RouterAndRoutes.m in Sources */ = {isa = PBXBuildFile; fileRef = 1E37FC231FC69FDC008A3949 /* RouterAndRoutes.m */; };
		1E37FC291FC7CB4E008A3949 /* getgateway.c in Sources */ = {isa = PBXBuildFile; fileRef = 1E37FC271FC7CB4E008A3949 /* getgateway.c */; };
		1E37FC2D1FC7E9BA008A3949 /* SystemConfiguration.framework in Frameworks */ = {isa = PBXBuildFile; fileRef = 1E37FC2C1FC7E9BA008A3949 /* SystemConfiguration.framework */; };
		1EB90AC01FCD17B30081F759 /* NetworkInformation.m in Sources */ = {isa = PBXBuildFile; fileRef = 1EB90ABF1FCD17B30081F759 /* NetworkInformation.m */; };
		1EB90AC41FCD41220081F759 /* NetState.m in Sources */ = {isa = PBXBuildFile; fileRef = 1EB90AC31FCD41220081F759 /* NetState.m */; };
		1EB90AC81FCD478C0081F759 /* WAGview.m in Sources */ = {isa = PBXBuildFile; fileRef = 1EB90AC71FCD478C0081F759 /* WAGview.m */; };
		1EB90ACA1FCD47AA0081F759 /* WAGview.xib in Resources */ = {isa = PBXBuildFile; fileRef = 1EB90AC91FCD47AA0081F759 /* WAGview.xib */; };
/* End PBXBuildFile section */

/* Begin PBXFileReference section */
		1E37FC071FC69EE1008A3949 /* some_git_test.app */ = {isa = PBXFileReference; explicitFileType = wrapper.application; includeInIndex = 0; path = some_git_test.app; sourceTree = BUILT_PRODUCTS_DIR; };
		1E37FC0A1FC69EE2008A3949 /* AppDelegate.h */ = {isa = PBXFileReference; lastKnownFileType = sourcecode.c.h; path = AppDelegate.h; sourceTree = "<group>"; };
		1E37FC0B1FC69EE2008A3949 /* AppDelegate.m */ = {isa = PBXFileReference; lastKnownFileType = sourcecode.c.objc; path = AppDelegate.m; sourceTree = "<group>"; };
		1E37FC0D1FC69EE2008A3949 /* ViewController.h */ = {isa = PBXFileReference; lastKnownFileType = sourcecode.c.h; path = ViewController.h; sourceTree = "<group>"; };
		1E37FC0E1FC69EE2008A3949 /* ViewController.m */ = {isa = PBXFileReference; lastKnownFileType = sourcecode.c.objc; path = ViewController.m; sourceTree = "<group>"; };
		1E37FC111FC69EE2008A3949 /* Base */ = {isa = PBXFileReference; lastKnownFileType = file.storyboard; name = Base; path = Base.lproj/Main.storyboard; sourceTree = "<group>"; };
		1E37FC131FC69EE2008A3949 /* Assets.xcassets */ = {isa = PBXFileReference; lastKnownFileType = folder.assetcatalog; path = Assets.xcassets; sourceTree = "<group>"; };
		1E37FC161FC69EE2008A3949 /* Base */ = {isa = PBXFileReference; lastKnownFileType = file.storyboard; name = Base; path = Base.lproj/LaunchScreen.storyboard; sourceTree = "<group>"; };
		1E37FC181FC69EE2008A3949 /* Info.plist */ = {isa = PBXFileReference; lastKnownFileType = text.plist.xml; path = Info.plist; sourceTree = "<group>"; };
		1E37FC191FC69EE2008A3949 /* main.m */ = {isa = PBXFileReference; lastKnownFileType = sourcecode.c.objc; path = main.m; sourceTree = "<group>"; };
		1E37FC211FC69FB8008A3949 /* RouterAndRoutes.h */ = {isa = PBXFileReference; lastKnownFileType = sourcecode.c.h; path = RouterAndRoutes.h; sourceTree = "<group>"; };
		1E37FC231FC69FDC008A3949 /* RouterAndRoutes.m */ = {isa = PBXFileReference; lastKnownFileType = sourcecode.c.objc; path = RouterAndRoutes.m; sourceTree = "<group>"; };
		1E37FC261FC7C8D9008A3949 /* route.h */ = {isa = PBXFileReference; lastKnownFileType = sourcecode.c.h; path = route.h; sourceTree = "<group>"; };
		1E37FC271FC7CB4E008A3949 /* getgateway.c */ = {isa = PBXFileReference; lastKnownFileType = sourcecode.c.c; path = getgateway.c; sourceTree = "<group>"; };
		1E37FC281FC7CB4E008A3949 /* getgateway.h */ = {isa = PBXFileReference; lastKnownFileType = sourcecode.c.h; path = getgateway.h; sourceTree = "<group>"; };
		1E37FC2C1FC7E9BA008A3949 /* SystemConfiguration.framework */ = {isa = PBXFileReference; lastKnownFileType = wrapper.framework; name = SystemConfiguration.framework; path = System/Library/Frameworks/SystemConfiguration.framework; sourceTree = SDKROOT; };
		1EB90ABE1FCD17B30081F759 /* NetworkInformation.h */ = {isa = PBXFileReference; lastKnownFileType = sourcecode.c.h; path = NetworkInformation.h; sourceTree = "<group>"; };
		1EB90ABF1FCD17B30081F759 /* NetworkInformation.m */ = {isa = PBXFileReference; lastKnownFileType = sourcecode.c.objc; path = NetworkInformation.m; sourceTree = "<group>"; };
		1EB90AC21FCD41220081F759 /* NetState.h */ = {isa = PBXFileReference; lastKnownFileType = sourcecode.c.h; path = NetState.h; sourceTree = "<group>"; };
		1EB90AC31FCD41220081F759 /* NetState.m */ = {isa = PBXFileReference; lastKnownFileType = sourcecode.c.objc; path = NetState.m; sourceTree = "<group>"; };
		1EB90AC61FCD478C0081F759 /* WAGview.h */ = {isa = PBXFileReference; lastKnownFileType = sourcecode.c.h; path = WAGview.h; sourceTree = "<group>"; };
		1EB90AC71FCD478C0081F759 /* WAGview.m */ = {isa = PBXFileReference; lastKnownFileType = sourcecode.c.objc; path = WAGview.m; sourceTree = "<group>"; };
		1EB90AC91FCD47AA0081F759 /* WAGview.xib */ = {isa = PBXFileReference; lastKnownFileType = file.xib; path = WAGview.xib; sourceTree = "<group>"; };
/* End PBXFileReference section */

/* Begin PBXFrameworksBuildPhase section */
		1E37FC041FC69EE1008A3949 /* Frameworks */ = {
			isa = PBXFrameworksBuildPhase;
			buildActionMask = 2147483647;
			files = (
				1E37FC2D1FC7E9BA008A3949 /* SystemConfiguration.framework in Frameworks */,
			);
			runOnlyForDeploymentPostprocessing = 0;
		};
/* End PBXFrameworksBuildPhase section */

/* Begin PBXGroup section */
		1E37FBFE1FC69EE1008A3949 = {
			isa = PBXGroup;
			children = (
				1E37FC091FC69EE1008A3949 /* some_git_test */,
				1E37FC081FC69EE1008A3949 /* Products */,
				1E37FC2B1FC7E9BA008A3949 /* Frameworks */,
			);
			sourceTree = "<group>";
		};
		1E37FC081FC69EE1008A3949 /* Products */ = {
			isa = PBXGroup;
			children = (
				1E37FC071FC69EE1008A3949 /* some_git_test.app */,
			);
			name = Products;
			sourceTree = "<group>";
		};
		1E37FC091FC69EE1008A3949 /* some_git_test */ = {
			isa = PBXGroup;
			children = (
				1EB90AC51FCD47340081F759 /* view */,
				1EB90AC11FCD40FB0081F759 /* netstate */,
				1EB90ABD1FCD17690081F759 /* network */,
				1E37FC2A1FC7E48E008A3949 /* route */,
				1E37FC211FC69FB8008A3949 /* RouterAndRoutes.h */,
				1E37FC231FC69FDC008A3949 /* RouterAndRoutes.m */,
				1E37FC0A1FC69EE2008A3949 /* AppDelegate.h */,
				1E37FC0B1FC69EE2008A3949 /* AppDelegate.m */,
				1E37FC0D1FC69EE2008A3949 /* ViewController.h */,
				1E37FC0E1FC69EE2008A3949 /* ViewController.m */,
				1E37FC101FC69EE2008A3949 /* Main.storyboard */,
				1E37FC131FC69EE2008A3949 /* Assets.xcassets */,
				1E37FC151FC69EE2008A3949 /* LaunchScreen.storyboard */,
				1E37FC181FC69EE2008A3949 /* Info.plist */,
				1E37FC191FC69EE2008A3949 /* main.m */,
			);
			path = some_git_test;
			sourceTree = "<group>";
		};
		1E37FC2A1FC7E48E008A3949 /* route */ = {
			isa = PBXGroup;
			children = (
				1E37FC261FC7C8D9008A3949 /* route.h */,
				1E37FC271FC7CB4E008A3949 /* getgateway.c */,
				1E37FC281FC7CB4E008A3949 /* getgateway.h */,
			);
			path = route;
			sourceTree = "<group>";
		};
		1E37FC2B1FC7E9BA008A3949 /* Frameworks */ = {
			isa = PBXGroup;
			children = (
				1E37FC2C1FC7E9BA008A3949 /* SystemConfiguration.framework */,
			);
			name = Frameworks;
			sourceTree = "<group>";
		};
		1EB90ABD1FCD17690081F759 /* network */ = {
			isa = PBXGroup;
			children = (
				1EB90ABE1FCD17B30081F759 /* NetworkInformation.h */,
				1EB90ABF1FCD17B30081F759 /* NetworkInformation.m */,
			);
			path = network;
			sourceTree = "<group>";
		};
		1EB90AC11FCD40FB0081F759 /* netstate */ = {
			isa = PBXGroup;
			children = (
				1EB90AC21FCD41220081F759 /* NetState.h */,
				1EB90AC31FCD41220081F759 /* NetState.m */,
			);
			path = netstate;
			sourceTree = "<group>";
		};
		1EB90AC51FCD47340081F759 /* view */ = {
			isa = PBXGroup;
			children = (
				1EB90AC61FCD478C0081F759 /* WAGview.h */,
				1EB90AC71FCD478C0081F759 /* WAGview.m */,
				1EB90AC91FCD47AA0081F759 /* WAGview.xib */,
			);
			path = view;
			sourceTree = "<group>";
		};
/* End PBXGroup section */

/* Begin PBXNativeTarget section */
		1E37FC061FC69EE1008A3949 /* some_git_test */ = {
			isa = PBXNativeTarget;
			buildConfigurationList = 1E37FC1D1FC69EE2008A3949 /* Build configuration list for PBXNativeTarget "some_git_test" */;
			buildPhases = (
				1E37FC031FC69EE1008A3949 /* Sources */,
				1E37FC041FC69EE1008A3949 /* Frameworks */,
				1E37FC051FC69EE1008A3949 /* Resources */,
			);
			buildRules = (
			);
			dependencies = (
			);
			name = some_git_test;
			productName = some_git_test;
			productReference = 1E37FC071FC69EE1008A3949 /* some_git_test.app */;
			productType = "com.apple.product-type.application";
		};
/* End PBXNativeTarget section */

/* Begin PBXProject section */
		1E37FBFF1FC69EE1008A3949 /* Project object */ = {
			isa = PBXProject;
			attributes = {
				LastUpgradeCheck = 0900;
				ORGANIZATIONNAME = wangaiguo;
				TargetAttributes = {
					1E37FC061FC69EE1008A3949 = {
						CreatedOnToolsVersion = 9.0;
						ProvisioningStyle = Automatic;
					};
				};
			};
			buildConfigurationList = 1E37FC021FC69EE1008A3949 /* Build configuration list for PBXProject "some_git_test" */;
			compatibilityVersion = "Xcode 8.0";
			developmentRegion = en;
			hasScannedForEncodings = 0;
			knownRegions = (
				en,
				Base,
			);
			mainGroup = 1E37FBFE1FC69EE1008A3949;
			productRefGroup = 1E37FC081FC69EE1008A3949 /* Products */;
			projectDirPath = "";
			projectRoot = "";
			targets = (
				1E37FC061FC69EE1008A3949 /* some_git_test */,
			);
		};
/* End PBXProject section */

/* Begin PBXResourcesBuildPhase section */
		1E37FC051FC69EE1008A3949 /* Resources */ = {
			isa = PBXResourcesBuildPhase;
			buildActionMask = 2147483647;
			files = (
				1E37FC171FC69EE2008A3949 /* LaunchScreen.storyboard in Resources */,
				1E37FC141FC69EE2008A3949 /* Assets.xcassets in Resources */,
				1EB90ACA1FCD47AA0081F759 /* WAGview.xib in Resources */,
				1E37FC121FC69EE2008A3949 /* Main.storyboard in Resources */,
			);
			runOnlyForDeploymentPostprocessing = 0;
		};
/* End PBXResourcesBuildPhase section */

/* Begin PBXSourcesBuildPhase section */
		1E37FC031FC69EE1008A3949 /* Sources */ = {
			isa = PBXSourcesBuildPhase;
			buildActionMask = 2147483647;
			files = (
				1E37FC0F1FC69EE2008A3949 /* ViewController.m in Sources */,
				1E37FC1A1FC69EE2008A3949 /* main.m in Sources */,
				1E37FC291FC7CB4E008A3949 /* getgateway.c in Sources */,
				1EB90AC01FCD17B30081F759 /* NetworkInformation.m in Sources */,
				1E37FC251FC69FDD008A3949 /* RouterAndRoutes.m in Sources */,
				1EB90AC41FCD41220081F759 /* NetState.m in Sources */,
				1EB90AC81FCD478C0081F759 /* WAGview.m in Sources */,
				1E37FC0C1FC69EE2008A3949 /* AppDelegate.m in Sources */,
			);
			runOnlyForDeploymentPostprocessing = 0;
		};
/* End PBXSourcesBuildPhase section */

/* Begin PBXVariantGroup section */
		1E37FC101FC69EE2008A3949 /* Main.storyboard */ = {
			isa = PBXVariantGroup;
			children = (
				1E37FC111FC69EE2008A3949 /* Base */,
			);
			name = Main.storyboard;
			sourceTree = "<group>";
		};
		1E37FC151FC69EE2008A3949 /* LaunchScreen.storyboard */ = {
			isa = PBXVariantGroup;
			children = (
				1E37FC161FC69EE2008A3949 /* Base */,
			);
			name = LaunchScreen.storyboard;
			sourceTree = "<group>";
		};
/* End PBXVariantGroup section */

/* Begin XCBuildConfiguration section */
		1E37FC1B1FC69EE2008A3949 /* Debug */ = {
			isa = XCBuildConfiguration;
			buildSettings = {
				ALWAYS_SEARCH_USER_PATHS = NO;
				CLANG_ANALYZER_NONNULL = YES;
				CLANG_ANALYZER_NUMBER_OBJECT_CONVERSION = YES_AGGRESSIVE;
				CLANG_CXX_LANGUAGE_STANDARD = "gnu++14";
				CLANG_CXX_LIBRARY = "libc++";
				CLANG_ENABLE_MODULES = YES;
				CLANG_ENABLE_OBJC_ARC = YES;
				CLANG_WARN_BLOCK_CAPTURE_AUTORELEASING = YES;
				CLANG_WARN_BOOL_CONVERSION = YES;
				CLANG_WARN_COMMA = YES;
				CLANG_WARN_CONSTANT_CONVERSION = YES;
				CLANG_WARN_DIRECT_OBJC_ISA_USAGE = YES_ERROR;
				CLANG_WARN_DOCUMENTATION_COMMENTS = YES;
				CLANG_WARN_EMPTY_BODY = YES;
				CLANG_WARN_ENUM_CONVERSION = YES;
				CLANG_WARN_INFINITE_RECURSION = YES;
				CLANG_WARN_INT_CONVERSION = YES;
				CLANG_WARN_NON_LITERAL_NULL_CONVERSION = YES;
				CLANG_WARN_OBJC_LITERAL_CONVERSION = YES;
				CLANG_WARN_OBJC_ROOT_CLASS = YES_ERROR;
				CLANG_WARN_RANGE_LOOP_ANALYSIS = YES;
				CLANG_WARN_STRICT_PROTOTYPES = YES;
				CLANG_WARN_SUSPICIOUS_MOVE = YES;
				CLANG_WARN_UNGUARDED_AVAILABILITY = YES_AGGRESSIVE;
				CLANG_WARN_UNREACHABLE_CODE = YES;
				CLANG_WARN__DUPLICATE_METHOD_MATCH = YES;
				CODE_SIGN_IDENTITY = "iPhone Developer";
				COPY_PHASE_STRIP = NO;
				DEBUG_INFORMATION_FORMAT = dwarf;
				ENABLE_STRICT_OBJC_MSGSEND = YES;
				ENABLE_TESTABILITY = YES;
				GCC_C_LANGUAGE_STANDARD = gnu11;
				GCC_DYNAMIC_NO_PIC = NO;
				GCC_NO_COMMON_BLOCKS = YES;
				GCC_OPTIMIZATION_LEVEL = 0;
				GCC_PREPROCESSOR_DEFINITIONS = (
					"DEBUG=1",
					"$(inherited)",
				);
				GCC_WARN_64_TO_32_BIT_CONVERSION = YES;
				GCC_WARN_ABOUT_RETURN_TYPE = YES_ERROR;
				GCC_WARN_UNDECLARED_SELECTOR = YES;
				GCC_WARN_UNINITIALIZED_AUTOS = YES_AGGRESSIVE;
				GCC_WARN_UNUSED_FUNCTION = YES;
				GCC_WARN_UNUSED_VARIABLE = YES;
				IPHONEOS_DEPLOYMENT_TARGET = 11.0;
				MTL_ENABLE_DEBUG_INFO = YES;
				ONLY_ACTIVE_ARCH = YES;
				SDKROOT = iphoneos;
			};
			name = Debug;
		};
		1E37FC1C1FC69EE2008A3949 /* Release */ = {
			isa = XCBuildConfiguration;
			buildSettings = {
				ALWAYS_SEARCH_USER_PATHS = NO;
				CLANG_ANALYZER_NONNULL = YES;
				CLANG_ANALYZER_NUMBER_OBJECT_CONVERSION = YES_AGGRESSIVE;
				CLANG_CXX_LANGUAGE_STANDARD = "gnu++14";
				CLANG_CXX_LIBRARY = "libc++";
				CLANG_ENABLE_MODULES = YES;
				CLANG_ENABLE_OBJC_ARC = YES;
				CLANG_WARN_BLOCK_CAPTURE_AUTORELEASING = YES;
				CLANG_WARN_BOOL_CONVERSION = YES;
				CLANG_WARN_COMMA = YES;
				CLANG_WARN_CONSTANT_CONVERSION = YES;
				CLANG_WARN_DIRECT_OBJC_ISA_USAGE = YES_ERROR;
				CLANG_WARN_DOCUMENTATION_COMMENTS = YES;
				CLANG_WARN_EMPTY_BODY = YES;
				CLANG_WARN_ENUM_CONVERSION = YES;
				CLANG_WARN_INFINITE_RECURSION = YES;
				CLANG_WARN_INT_CONVERSION = YES;
				CLANG_WARN_NON_LITERAL_NULL_CONVERSION = YES;
				CLANG_WARN_OBJC_LITERAL_CONVERSION = YES;
				CLANG_WARN_OBJC_ROOT_CLASS = YES_ERROR;
				CLANG_WARN_RANGE_LOOP_ANALYSIS = YES;
				CLANG_WARN_STRICT_PROTOTYPES = YES;
				CLANG_WARN_SUSPICIOUS_MOVE = YES;
				CLANG_WARN_UNGUARDED_AVAILABILITY = YES_AGGRESSIVE;
				CLANG_WARN_UNREACHABLE_CODE = YES;
				CLANG_WARN__DUPLICATE_METHOD_MATCH = YES;
				CODE_SIGN_IDENTITY = "iPhone Developer";
				COPY_PHASE_STRIP = NO;
				DEBUG_INFORMATION_FORMAT = "dwarf-with-dsym";
				ENABLE_NS_ASSERTIONS = NO;
				ENABLE_STRICT_OBJC_MSGSEND = YES;
				GCC_C_LANGUAGE_STANDARD = gnu11;
				GCC_NO_COMMON_BLOCKS = YES;
				GCC_WARN_64_TO_32_BIT_CONVERSION = YES;
				GCC_WARN_ABOUT_RETURN_TYPE = YES_ERROR;
				GCC_WARN_UNDECLARED_SELECTOR = YES;
				GCC_WARN_UNINITIALIZED_AUTOS = YES_AGGRESSIVE;
				GCC_WARN_UNUSED_FUNCTION = YES;
				GCC_WARN_UNUSED_VARIABLE = YES;
				IPHONEOS_DEPLOYMENT_TARGET = 11.0;
				MTL_ENABLE_DEBUG_INFO = NO;
				SDKROOT = iphoneos;
				VALIDATE_PRODUCT = YES;
			};
			name = Release;
		};
		1E37FC1E1FC69EE2008A3949 /* Debug */ = {
			isa = XCBuildConfiguration;
			buildSettings = {
				ASSETCATALOG_COMPILER_APPICON_NAME = AppIcon;
				CODE_SIGN_STYLE = Automatic;
				DEVELOPMENT_TEAM = 5J3D27HWQC;
				INFOPLIST_FILE = some_git_test/Info.plist;
				IPHONEOS_DEPLOYMENT_TARGET = 9.0;
				LD_RUNPATH_SEARCH_PATHS = "$(inherited) @executable_path/Frameworks";
				PRODUCT_BUNDLE_IDENTIFIER = "wangaiguo.2017.11.23.14.14.some-git-test";
				PRODUCT_NAME = "$(TARGET_NAME)";
				TARGETED_DEVICE_FAMILY = "1,2";
			};
			name = Debug;
		};
		1E37FC1F1FC69EE2008A3949 /* Release */ = {
			isa = XCBuildConfiguration;
			buildSettings = {
				ASSETCATALOG_COMPILER_APPICON_NAME = AppIcon;
				CODE_SIGN_STYLE = Automatic;
				DEVELOPMENT_TEAM = 5J3D27HWQC;
				INFOPLIST_FILE = some_git_test/Info.plist;
				IPHONEOS_DEPLOYMENT_TARGET = 9.0;
				LD_RUNPATH_SEARCH_PATHS = "$(inherited) @executable_path/Frameworks";
				PRODUCT_BUNDLE_IDENTIFIER = "wangaiguo.2017.11.23.14.14.some-git-test";
				PRODUCT_NAME = "$(TARGET_NAME)";
				TARGETED_DEVICE_FAMILY = "1,2";
			};
			name = Release;
		};
/* End XCBuildConfiguration section */

/* Begin XCConfigurationList section */
		1E37FC021FC69EE1008A3949 /* Build configuration list for PBXProject "some_git_test" */ = {
			isa = XCConfigurationList;
			buildConfigurations = (
				1E37FC1B1FC69EE2008A3949 /* Debug */,
				1E37FC1C1FC69EE2008A3949 /* Release */,
			);
			defaultConfigurationIsVisible = 0;
			defaultConfigurationName = Release;
		};
		1E37FC1D1FC69EE2008A3949 /* Build configuration list for PBXNativeTarget "some_git_test" */ = {
			isa = XCConfigurationList;
			buildConfigurations = (
				1E37FC1E1FC69EE2008A3949 /* Debug */,
				1E37FC1F1FC69EE2008A3949 /* Release */,
			);
			defaultConfigurationIsVisible = 0;
			defaultConfigurationName = Release;
		};
/* End XCConfigurationList section */
	};
	rootObject = 1E37FBFF1FC69EE1008A3949 /* Project object */;
}
